// !$*UTF8*$!
{
	archiveVersion = 1;
	classes = {
	};
	objectVersion = 56;
	objects = {

/* Begin PBXBuildFile section */
		630E2FD82A20DD8600C1F78E /* CurrencyPairPickerController.swift in Sources */ = {isa = PBXBuildFile; fileRef = 630E2FD72A20DD8600C1F78E /* CurrencyPairPickerController.swift */; };
		6344009D2A1E175400555200 /* Trader.swift in Sources */ = {isa = PBXBuildFile; fileRef = 6344009C2A1E175400555200 /* Trader.swift */; };
		6344009F2A1E39A100555200 /* TraderTableViewCell.swift in Sources */ = {isa = PBXBuildFile; fileRef = 6344009E2A1E39A100555200 /* TraderTableViewCell.swift */; };
		634400A12A1E39E500555200 /* CommonExtensions.swift in Sources */ = {isa = PBXBuildFile; fileRef = 634400A02A1E39E500555200 /* CommonExtensions.swift */; };
		635777692A1DF28400CF846E /* AppDelegate.swift in Sources */ = {isa = PBXBuildFile; fileRef = 635777682A1DF28400CF846E /* AppDelegate.swift */; };
		6357776B2A1DF28400CF846E /* SceneDelegate.swift in Sources */ = {isa = PBXBuildFile; fileRef = 6357776A2A1DF28400CF846E /* SceneDelegate.swift */; };
		635777722A1DF28400CF846E /* Assets.xcassets in Resources */ = {isa = PBXBuildFile; fileRef = 635777712A1DF28400CF846E /* Assets.xcassets */; };
		635777752A1DF28400CF846E /* LaunchScreen.storyboard in Resources */ = {isa = PBXBuildFile; fileRef = 635777732A1DF28400CF846E /* LaunchScreen.storyboard */; };
		635777802A1DF4CB00CF846E /* Coordinator.swift in Sources */ = {isa = PBXBuildFile; fileRef = 6357777F2A1DF4CB00CF846E /* Coordinator.swift */; };
		635777822A1DF4DB00CF846E /* TabbarController.swift in Sources */ = {isa = PBXBuildFile; fileRef = 635777812A1DF4DB00CF846E /* TabbarController.swift */; };
		635777842A1DF4E700CF846E /* MainCoordinator.swift in Sources */ = {isa = PBXBuildFile; fileRef = 635777832A1DF4E700CF846E /* MainCoordinator.swift */; };
		635777862A1DF54D00CF846E /* ControllerFactory.swift in Sources */ = {isa = PBXBuildFile; fileRef = 635777852A1DF54D00CF846E /* ControllerFactory.swift */; };
		635777892A1DF58B00CF846E /* FirstScreenCoordinator.swift in Sources */ = {isa = PBXBuildFile; fileRef = 635777882A1DF58B00CF846E /* FirstScreenCoordinator.swift */; };
		6357778D2A1DF5C800CF846E /* TopScreenViewModel.swift in Sources */ = {isa = PBXBuildFile; fileRef = 6357778C2A1DF5C800CF846E /* TopScreenViewModel.swift */; };
		6357778F2A1DF5ED00CF846E /* TopViewController.swift in Sources */ = {isa = PBXBuildFile; fileRef = 6357778E2A1DF5ED00CF846E /* TopViewController.swift */; };
		635777922A1DF74D00CF846E /* SecondScreenCoordinator.swift in Sources */ = {isa = PBXBuildFile; fileRef = 635777912A1DF74D00CF846E /* SecondScreenCoordinator.swift */; };
		635777952A1DF7D200CF846E /* TradeViewController.swift in Sources */ = {isa = PBXBuildFile; fileRef = 635777942A1DF7D200CF846E /* TradeViewController.swift */; };
		635777972A1DF80300CF846E /* TradeViewModel.swift in Sources */ = {isa = PBXBuildFile; fileRef = 635777962A1DF80300CF846E /* TradeViewModel.swift */; };
		636389C02A1F57890011CD70 /* TopTradersHeader.swift in Sources */ = {isa = PBXBuildFile; fileRef = 636389BF2A1F57890011CD70 /* TopTradersHeader.swift */; };
		6386D2102A207ACE008BFE2D /* TradeView.swift in Sources */ = {isa = PBXBuildFile; fileRef = 6386D20F2A207ACE008BFE2D /* TradeView.swift */; };
		63A307982A21D79A00BF8331 /* TimerBidView.swift in Sources */ = {isa = PBXBuildFile; fileRef = 63A307972A21D79A00BF8331 /* TimerBidView.swift */; };
		63E083BE2A24745500B2B162 /* PreLoaderController.swift in Sources */ = {isa = PBXBuildFile; fileRef = 63E083BD2A24745500B2B162 /* PreLoaderController.swift */; };
/* End PBXBuildFile section */

/* Begin PBXFileReference section */
		630E2FD72A20DD8600C1F78E /* CurrencyPairPickerController.swift */ = {isa = PBXFileReference; lastKnownFileType = sourcecode.swift; path = CurrencyPairPickerController.swift; sourceTree = "<group>"; };
		6344009C2A1E175400555200 /* Trader.swift */ = {isa = PBXFileReference; lastKnownFileType = sourcecode.swift; path = Trader.swift; sourceTree = "<group>"; };
		6344009E2A1E39A100555200 /* TraderTableViewCell.swift */ = {isa = PBXFileReference; lastKnownFileType = sourcecode.swift; path = TraderTableViewCell.swift; sourceTree = "<group>"; };
		634400A02A1E39E500555200 /* CommonExtensions.swift */ = {isa = PBXFileReference; lastKnownFileType = sourcecode.swift; path = CommonExtensions.swift; sourceTree = "<group>"; };
		635777652A1DF28400CF846E /* TradingDemoApp.app */ = {isa = PBXFileReference; explicitFileType = wrapper.application; includeInIndex = 0; path = TradingDemoApp.app; sourceTree = BUILT_PRODUCTS_DIR; };
		635777682A1DF28400CF846E /* AppDelegate.swift */ = {isa = PBXFileReference; lastKnownFileType = sourcecode.swift; path = AppDelegate.swift; sourceTree = "<group>"; };
		6357776A2A1DF28400CF846E /* SceneDelegate.swift */ = {isa = PBXFileReference; lastKnownFileType = sourcecode.swift; path = SceneDelegate.swift; sourceTree = "<group>"; };
		635777712A1DF28400CF846E /* Assets.xcassets */ = {isa = PBXFileReference; lastKnownFileType = folder.assetcatalog; path = Assets.xcassets; sourceTree = "<group>"; };
		635777742A1DF28400CF846E /* Base */ = {isa = PBXFileReference; lastKnownFileType = file.storyboard; name = Base; path = Base.lproj/LaunchScreen.storyboard; sourceTree = "<group>"; };
		635777762A1DF28400CF846E /* Info.plist */ = {isa = PBXFileReference; lastKnownFileType = text.plist.xml; path = Info.plist; sourceTree = "<group>"; };
		6357777F2A1DF4CB00CF846E /* Coordinator.swift */ = {isa = PBXFileReference; lastKnownFileType = sourcecode.swift; path = Coordinator.swift; sourceTree = "<group>"; };
		635777812A1DF4DB00CF846E /* TabbarController.swift */ = {isa = PBXFileReference; lastKnownFileType = sourcecode.swift; path = TabbarController.swift; sourceTree = "<group>"; };
		635777832A1DF4E700CF846E /* MainCoordinator.swift */ = {isa = PBXFileReference; lastKnownFileType = sourcecode.swift; path = MainCoordinator.swift; sourceTree = "<group>"; };
		635777852A1DF54D00CF846E /* ControllerFactory.swift */ = {isa = PBXFileReference; lastKnownFileType = sourcecode.swift; path = ControllerFactory.swift; sourceTree = "<group>"; };
		635777882A1DF58B00CF846E /* FirstScreenCoordinator.swift */ = {isa = PBXFileReference; lastKnownFileType = sourcecode.swift; path = FirstScreenCoordinator.swift; sourceTree = "<group>"; };
		6357778C2A1DF5C800CF846E /* TopScreenViewModel.swift */ = {isa = PBXFileReference; lastKnownFileType = sourcecode.swift; path = TopScreenViewModel.swift; sourceTree = "<group>"; };
		6357778E2A1DF5ED00CF846E /* TopViewController.swift */ = {isa = PBXFileReference; lastKnownFileType = sourcecode.swift; path = TopViewController.swift; sourceTree = "<group>"; };
		635777912A1DF74D00CF846E /* SecondScreenCoordinator.swift */ = {isa = PBXFileReference; lastKnownFileType = sourcecode.swift; path = SecondScreenCoordinator.swift; sourceTree = "<group>"; };
		635777942A1DF7D200CF846E /* TradeViewController.swift */ = {isa = PBXFileReference; lastKnownFileType = sourcecode.swift; path = TradeViewController.swift; sourceTree = "<group>"; };
		635777962A1DF80300CF846E /* TradeViewModel.swift */ = {isa = PBXFileReference; lastKnownFileType = sourcecode.swift; path = TradeViewModel.swift; sourceTree = "<group>"; };
		636389BF2A1F57890011CD70 /* TopTradersHeader.swift */ = {isa = PBXFileReference; lastKnownFileType = sourcecode.swift; path = TopTradersHeader.swift; sourceTree = "<group>"; };
		6386D20F2A207ACE008BFE2D /* TradeView.swift */ = {isa = PBXFileReference; lastKnownFileType = sourcecode.swift; path = TradeView.swift; sourceTree = "<group>"; };
		63A307972A21D79A00BF8331 /* TimerBidView.swift */ = {isa = PBXFileReference; lastKnownFileType = sourcecode.swift; path = TimerBidView.swift; sourceTree = "<group>"; };
		63E083BD2A24745500B2B162 /* PreLoaderController.swift */ = {isa = PBXFileReference; lastKnownFileType = sourcecode.swift; path = PreLoaderController.swift; sourceTree = "<group>"; };
/* End PBXFileReference section */

/* Begin PBXFrameworksBuildPhase section */
		635777622A1DF28400CF846E /* Frameworks */ = {
			isa = PBXFrameworksBuildPhase;
			buildActionMask = 2147483647;
			files = (
			);
			runOnlyForDeploymentPostprocessing = 0;
		};
/* End PBXFrameworksBuildPhase section */

/* Begin PBXGroup section */
		634B914F2A23597700D9E298 /* Views */ = {
			isa = PBXGroup;
			children = (
				63A307972A21D79A00BF8331 /* TimerBidView.swift */,
				6386D20F2A207ACE008BFE2D /* TradeView.swift */,
			);
			path = Views;
			sourceTree = "<group>";
		};
		6357775C2A1DF28400CF846E = {
			isa = PBXGroup;
			children = (
				635777672A1DF28400CF846E /* TradingDemoApp */,
				635777662A1DF28400CF846E /* Products */,
			);
			sourceTree = "<group>";
		};
		635777662A1DF28400CF846E /* Products */ = {
			isa = PBXGroup;
			children = (
				635777652A1DF28400CF846E /* TradingDemoApp.app */,
			);
			name = Products;
			sourceTree = "<group>";
		};
		635777672A1DF28400CF846E /* TradingDemoApp */ = {
			isa = PBXGroup;
			children = (
				635777682A1DF28400CF846E /* AppDelegate.swift */,
				6357776A2A1DF28400CF846E /* SceneDelegate.swift */,
				635777932A1DF7AF00CF846E /* Trade */,
				635777902A1DF63300CF846E /* Top */,
				6357777C2A1DF4A200CF846E /* Coordinator */,
				635777712A1DF28400CF846E /* Assets.xcassets */,
				635777732A1DF28400CF846E /* LaunchScreen.storyboard */,
				635777762A1DF28400CF846E /* Info.plist */,
			);
			path = TradingDemoApp;
			sourceTree = "<group>";
		};
		6357777C2A1DF4A200CF846E /* Coordinator */ = {
			isa = PBXGroup;
			children = (
				635777832A1DF4E700CF846E /* MainCoordinator.swift */,
				635777882A1DF58B00CF846E /* FirstScreenCoordinator.swift */,
				635777912A1DF74D00CF846E /* SecondScreenCoordinator.swift */,
				63E083BD2A24745500B2B162 /* PreLoaderController.swift */,
				635777872A1DF56500CF846E /* Common */,
			);
			path = Coordinator;
			sourceTree = "<group>";
		};
		635777872A1DF56500CF846E /* Common */ = {
			isa = PBXGroup;
			children = (
				6357777F2A1DF4CB00CF846E /* Coordinator.swift */,
				635777812A1DF4DB00CF846E /* TabbarController.swift */,
				635777852A1DF54D00CF846E /* ControllerFactory.swift */,
				634400A02A1E39E500555200 /* CommonExtensions.swift */,
			);
			path = Common;
			sourceTree = "<group>";
		};
		635777902A1DF63300CF846E /* Top */ = {
			isa = PBXGroup;
			children = (
				6357778C2A1DF5C800CF846E /* TopScreenViewModel.swift */,
				636389BF2A1F57890011CD70 /* TopTradersHeader.swift */,
				6344009C2A1E175400555200 /* Trader.swift */,
				6357778E2A1DF5ED00CF846E /* TopViewController.swift */,
				6344009E2A1E39A100555200 /* TraderTableViewCell.swift */,
			);
			path = Top;
			sourceTree = "<group>";
		};
		635777932A1DF7AF00CF846E /* Trade */ = {
			isa = PBXGroup;
			children = (
				635777942A1DF7D200CF846E /* TradeViewController.swift */,
				634B914F2A23597700D9E298 /* Views */,
				635777962A1DF80300CF846E /* TradeViewModel.swift */,
				630E2FD72A20DD8600C1F78E /* CurrencyPairPickerController.swift */,
			);
			path = Trade;
			sourceTree = "<group>";
		};
/* End PBXGroup section */

/* Begin PBXNativeTarget section */
		635777642A1DF28400CF846E /* TradingDemoApp */ = {
			isa = PBXNativeTarget;
			buildConfigurationList = 635777792A1DF28400CF846E /* Build configuration list for PBXNativeTarget "TradingDemoApp" */;
			buildPhases = (
				635777612A1DF28400CF846E /* Sources */,
				635777622A1DF28400CF846E /* Frameworks */,
				635777632A1DF28400CF846E /* Resources */,
			);
			buildRules = (
			);
			dependencies = (
			);
			name = TradingDemoApp;
			productName = TradingDemoApp;
			productReference = 635777652A1DF28400CF846E /* TradingDemoApp.app */;
			productType = "com.apple.product-type.application";
		};
/* End PBXNativeTarget section */

/* Begin PBXProject section */
		6357775D2A1DF28400CF846E /* Project object */ = {
			isa = PBXProject;
			attributes = {
				BuildIndependentTargetsInParallel = 1;
				LastSwiftUpdateCheck = 1430;
				LastUpgradeCheck = 1430;
				TargetAttributes = {
					635777642A1DF28400CF846E = {
						CreatedOnToolsVersion = 14.3;
					};
				};
			};
			buildConfigurationList = 635777602A1DF28400CF846E /* Build configuration list for PBXProject "TradingDemoApp" */;
			compatibilityVersion = "Xcode 14.0";
			developmentRegion = en;
			hasScannedForEncodings = 0;
			knownRegions = (
				en,
				Base,
			);
			mainGroup = 6357775C2A1DF28400CF846E;
			productRefGroup = 635777662A1DF28400CF846E /* Products */;
			projectDirPath = "";
			projectRoot = "";
			targets = (
				635777642A1DF28400CF846E /* TradingDemoApp */,
			);
		};
/* End PBXProject section */

/* Begin PBXResourcesBuildPhase section */
		635777632A1DF28400CF846E /* Resources */ = {
			isa = PBXResourcesBuildPhase;
			buildActionMask = 2147483647;
			files = (
				635777752A1DF28400CF846E /* LaunchScreen.storyboard in Resources */,
				635777722A1DF28400CF846E /* Assets.xcassets in Resources */,
			);
			runOnlyForDeploymentPostprocessing = 0;
		};
/* End PBXResourcesBuildPhase section */

/* Begin PBXSourcesBuildPhase section */
		635777612A1DF28400CF846E /* Sources */ = {
			isa = PBXSourcesBuildPhase;
			buildActionMask = 2147483647;
			files = (
				635777862A1DF54D00CF846E /* ControllerFactory.swift in Sources */,
				6357778D2A1DF5C800CF846E /* TopScreenViewModel.swift in Sources */,
				636389C02A1F57890011CD70 /* TopTradersHeader.swift in Sources */,
				635777692A1DF28400CF846E /* AppDelegate.swift in Sources */,
				635777972A1DF80300CF846E /* TradeViewModel.swift in Sources */,
				635777822A1DF4DB00CF846E /* TabbarController.swift in Sources */,
				63E083BE2A24745500B2B162 /* PreLoaderController.swift in Sources */,
				6386D2102A207ACE008BFE2D /* TradeView.swift in Sources */,
				635777952A1DF7D200CF846E /* TradeViewController.swift in Sources */,
				630E2FD82A20DD8600C1F78E /* CurrencyPairPickerController.swift in Sources */,
				635777922A1DF74D00CF846E /* SecondScreenCoordinator.swift in Sources */,
				6357776B2A1DF28400CF846E /* SceneDelegate.swift in Sources */,
				63A307982A21D79A00BF8331 /* TimerBidView.swift in Sources */,
				635777842A1DF4E700CF846E /* MainCoordinator.swift in Sources */,
				6357778F2A1DF5ED00CF846E /* TopViewController.swift in Sources */,
				634400A12A1E39E500555200 /* CommonExtensions.swift in Sources */,
				635777802A1DF4CB00CF846E /* Coordinator.swift in Sources */,
				6344009D2A1E175400555200 /* Trader.swift in Sources */,
				635777892A1DF58B00CF846E /* FirstScreenCoordinator.swift in Sources */,
				6344009F2A1E39A100555200 /* TraderTableViewCell.swift in Sources */,
			);
			runOnlyForDeploymentPostprocessing = 0;
		};
/* End PBXSourcesBuildPhase section */

/* Begin PBXVariantGroup section */
		635777732A1DF28400CF846E /* LaunchScreen.storyboard */ = {
			isa = PBXVariantGroup;
			children = (
				635777742A1DF28400CF846E /* Base */,
			);
			name = LaunchScreen.storyboard;
			sourceTree = "<group>";
		};
/* End PBXVariantGroup section */

/* Begin XCBuildConfiguration section */
		635777772A1DF28400CF846E /* Debug */ = {
			isa = XCBuildConfiguration;
			buildSettings = {
				ALWAYS_SEARCH_USER_PATHS = NO;
				CLANG_ANALYZER_NONNULL = YES;
				CLANG_ANALYZER_NUMBER_OBJECT_CONVERSION = YES_AGGRESSIVE;
				CLANG_CXX_LANGUAGE_STANDARD = "gnu++20";
				CLANG_ENABLE_MODULES = YES;
				CLANG_ENABLE_OBJC_ARC = YES;
				CLANG_ENABLE_OBJC_WEAK = YES;
				CLANG_WARN_BLOCK_CAPTURE_AUTORELEASING = YES;
				CLANG_WARN_BOOL_CONVERSION = YES;
				CLANG_WARN_COMMA = YES;
				CLANG_WARN_CONSTANT_CONVERSION = YES;
				CLANG_WARN_DEPRECATED_OBJC_IMPLEMENTATIONS = YES;
				CLANG_WARN_DIRECT_OBJC_ISA_USAGE = YES_ERROR;
				CLANG_WARN_DOCUMENTATION_COMMENTS = YES;
				CLANG_WARN_EMPTY_BODY = YES;
				CLANG_WARN_ENUM_CONVERSION = YES;
				CLANG_WARN_INFINITE_RECURSION = YES;
				CLANG_WARN_INT_CONVERSION = YES;
				CLANG_WARN_NON_LITERAL_NULL_CONVERSION = YES;
				CLANG_WARN_OBJC_IMPLICIT_RETAIN_SELF = YES;
				CLANG_WARN_OBJC_LITERAL_CONVERSION = YES;
				CLANG_WARN_OBJC_ROOT_CLASS = YES_ERROR;
				CLANG_WARN_QUOTED_INCLUDE_IN_FRAMEWORK_HEADER = YES;
				CLANG_WARN_RANGE_LOOP_ANALYSIS = YES;
				CLANG_WARN_STRICT_PROTOTYPES = YES;
				CLANG_WARN_SUSPICIOUS_MOVE = YES;
				CLANG_WARN_UNGUARDED_AVAILABILITY = YES_AGGRESSIVE;
				CLANG_WARN_UNREACHABLE_CODE = YES;
				CLANG_WARN__DUPLICATE_METHOD_MATCH = YES;
				COPY_PHASE_STRIP = NO;
				DEBUG_INFORMATION_FORMAT = dwarf;
				ENABLE_STRICT_OBJC_MSGSEND = YES;
				ENABLE_TESTABILITY = YES;
				GCC_C_LANGUAGE_STANDARD = gnu11;
				GCC_DYNAMIC_NO_PIC = NO;
				GCC_NO_COMMON_BLOCKS = YES;
				GCC_OPTIMIZATION_LEVEL = 0;
				GCC_PREPROCESSOR_DEFINITIONS = (
					"DEBUG=1",
					"$(inherited)",
				);
				GCC_WARN_64_TO_32_BIT_CONVERSION = YES;
				GCC_WARN_ABOUT_RETURN_TYPE = YES_ERROR;
				GCC_WARN_UNDECLARED_SELECTOR = YES;
				GCC_WARN_UNINITIALIZED_AUTOS = YES_AGGRESSIVE;
				GCC_WARN_UNUSED_FUNCTION = YES;
				GCC_WARN_UNUSED_VARIABLE = YES;
				IPHONEOS_DEPLOYMENT_TARGET = 16.4;
				MTL_ENABLE_DEBUG_INFO = INCLUDE_SOURCE;
				MTL_FAST_MATH = YES;
				ONLY_ACTIVE_ARCH = YES;
				SDKROOT = iphoneos;
				SWIFT_ACTIVE_COMPILATION_CONDITIONS = DEBUG;
				SWIFT_OPTIMIZATION_LEVEL = "-Onone";
			};
			name = Debug;
		};
		635777782A1DF28400CF846E /* Release */ = {
			isa = XCBuildConfiguration;
			buildSettings = {
				ALWAYS_SEARCH_USER_PATHS = NO;
				CLANG_ANALYZER_NONNULL = YES;
				CLANG_ANALYZER_NUMBER_OBJECT_CONVERSION = YES_AGGRESSIVE;
				CLANG_CXX_LANGUAGE_STANDARD = "gnu++20";
				CLANG_ENABLE_MODULES = YES;
				CLANG_ENABLE_OBJC_ARC = YES;
				CLANG_ENABLE_OBJC_WEAK = YES;
				CLANG_WARN_BLOCK_CAPTURE_AUTORELEASING = YES;
				CLANG_WARN_BOOL_CONVERSION = YES;
				CLANG_WARN_COMMA = YES;
				CLANG_WARN_CONSTANT_CONVERSION = YES;
				CLANG_WARN_DEPRECATED_OBJC_IMPLEMENTATIONS = YES;
				CLANG_WARN_DIRECT_OBJC_ISA_USAGE = YES_ERROR;
				CLANG_WARN_DOCUMENTATION_COMMENTS = YES;
				CLANG_WARN_EMPTY_BODY = YES;
				CLANG_WARN_ENUM_CONVERSION = YES;
				CLANG_WARN_INFINITE_RECURSION = YES;
				CLANG_WARN_INT_CONVERSION = YES;
				CLANG_WARN_NON_LITERAL_NULL_CONVERSION = YES;
				CLANG_WARN_OBJC_IMPLICIT_RETAIN_SELF = YES;
				CLANG_WARN_OBJC_LITERAL_CONVERSION = YES;
				CLANG_WARN_OBJC_ROOT_CLASS = YES_ERROR;
				CLANG_WARN_QUOTED_INCLUDE_IN_FRAMEWORK_HEADER = YES;
				CLANG_WARN_RANGE_LOOP_ANALYSIS = YES;
				CLANG_WARN_STRICT_PROTOTYPES = YES;
				CLANG_WARN_SUSPICIOUS_MOVE = YES;
				CLANG_WARN_UNGUARDED_AVAILABILITY = YES_AGGRESSIVE;
				CLANG_WARN_UNREACHABLE_CODE = YES;
				CLANG_WARN__DUPLICATE_METHOD_MATCH = YES;
				COPY_PHASE_STRIP = NO;
				DEBUG_INFORMATION_FORMAT = "dwarf-with-dsym";
				ENABLE_NS_ASSERTIONS = NO;
				ENABLE_STRICT_OBJC_MSGSEND = YES;
				GCC_C_LANGUAGE_STANDARD = gnu11;
				GCC_NO_COMMON_BLOCKS = YES;
				GCC_WARN_64_TO_32_BIT_CONVERSION = YES;
				GCC_WARN_ABOUT_RETURN_TYPE = YES_ERROR;
				GCC_WARN_UNDECLARED_SELECTOR = YES;
				GCC_WARN_UNINITIALIZED_AUTOS = YES_AGGRESSIVE;
				GCC_WARN_UNUSED_FUNCTION = YES;
				GCC_WARN_UNUSED_VARIABLE = YES;
				IPHONEOS_DEPLOYMENT_TARGET = 16.4;
				MTL_ENABLE_DEBUG_INFO = NO;
				MTL_FAST_MATH = YES;
				SDKROOT = iphoneos;
				SWIFT_COMPILATION_MODE = wholemodule;
				SWIFT_OPTIMIZATION_LEVEL = "-O";
				VALIDATE_PRODUCT = YES;
			};
			name = Release;
		};
		6357777A2A1DF28400CF846E /* Debug */ = {
			isa = XCBuildConfiguration;
			buildSettings = {
				ASSETCATALOG_COMPILER_APPICON_NAME = AppIcon;
				ASSETCATALOG_COMPILER_GLOBAL_ACCENT_COLOR_NAME = AccentColor;
				CODE_SIGN_STYLE = Automatic;
				CURRENT_PROJECT_VERSION = 1;
				DEVELOPMENT_TEAM = K38NVY9D5B;
				GENERATE_INFOPLIST_FILE = YES;
				INFOPLIST_FILE = TradingDemoApp/Info.plist;
				INFOPLIST_KEY_UIApplicationSupportsIndirectInputEvents = YES;
				INFOPLIST_KEY_UILaunchStoryboardName = LaunchScreen;
				INFOPLIST_KEY_UISupportedInterfaceOrientations_iPad = "UIInterfaceOrientationPortrait UIInterfaceOrientationPortraitUpsideDown UIInterfaceOrientationLandscapeLeft UIInterfaceOrientationLandscapeRight";
				INFOPLIST_KEY_UISupportedInterfaceOrientations_iPhone = "UIInterfaceOrientationPortrait UIInterfaceOrientationLandscapeLeft UIInterfaceOrientationLandscapeRight";
				LD_RUNPATH_SEARCH_PATHS = (
					"$(inherited)",
					"@executable_path/Frameworks",
				);
				MARKETING_VERSION = 1.0;
				PRODUCT_BUNDLE_IDENTIFIER = MarkPushkar.TradingDemoApp;
				PRODUCT_NAME = "$(TARGET_NAME)";
				SWIFT_EMIT_LOC_STRINGS = YES;
				SWIFT_VERSION = 5.0;
				TARGETED_DEVICE_FAMILY = "1,2";
			};
			name = Debug;
		};
		6357777B2A1DF28400CF846E /* Release */ = {
			isa = XCBuildConfiguration;
			buildSettings = {
				ASSETCATALOG_COMPILER_APPICON_NAME = AppIcon;
				ASSETCATALOG_COMPILER_GLOBAL_ACCENT_COLOR_NAME = AccentColor;
				CODE_SIGN_STYLE = Automatic;
				CURRENT_PROJECT_VERSION = 1;
				DEVELOPMENT_TEAM = K38NVY9D5B;
				GENERATE_INFOPLIST_FILE = YES;
				INFOPLIST_FILE = TradingDemoApp/Info.plist;
				INFOPLIST_KEY_UIApplicationSupportsIndirectInputEvents = YES;
				INFOPLIST_KEY_UILaunchStoryboardName = LaunchScreen;
				INFOPLIST_KEY_UISupportedInterfaceOrientations_iPad = "UIInterfaceOrientationPortrait UIInterfaceOrientationPortraitUpsideDown UIInterfaceOrientationLandscapeLeft UIInterfaceOrientationLandscapeRight";
				INFOPLIST_KEY_UISupportedInterfaceOrientations_iPhone = "UIInterfaceOrientationPortrait UIInterfaceOrientationLandscapeLeft UIInterfaceOrientationLandscapeRight";
				LD_RUNPATH_SEARCH_PATHS = (
					"$(inherited)",
					"@executable_path/Frameworks",
				);
				MARKETING_VERSION = 1.0;
				PRODUCT_BUNDLE_IDENTIFIER = MarkPushkar.TradingDemoApp;
				PRODUCT_NAME = "$(TARGET_NAME)";
				SWIFT_EMIT_LOC_STRINGS = YES;
				SWIFT_VERSION = 5.0;
				TARGETED_DEVICE_FAMILY = "1,2";
			};
			name = Release;
		};
/* End XCBuildConfiguration section */

/* Begin XCConfigurationList section */
		635777602A1DF28400CF846E /* Build configuration list for PBXProject "TradingDemoApp" */ = {
			isa = XCConfigurationList;
			buildConfigurations = (
				635777772A1DF28400CF846E /* Debug */,
				635777782A1DF28400CF846E /* Release */,
			);
			defaultConfigurationIsVisible = 0;
			defaultConfigurationName = Release;
		};
		635777792A1DF28400CF846E /* Build configuration list for PBXNativeTarget "TradingDemoApp" */ = {
			isa = XCConfigurationList;
			buildConfigurations = (
				6357777A2A1DF28400CF846E /* Debug */,
				6357777B2A1DF28400CF846E /* Release */,
			);
			defaultConfigurationIsVisible = 0;
			defaultConfigurationName = Release;
		};
/* End XCConfigurationList section */
	};
	rootObject = 6357775D2A1DF28400CF846E /* Project object */;
}
